github.com/creack/goselect v0.1.1 h1:tiSSgKE1eJtxs1h/VgGQWuXUP0YS4CDIFMp6vaI1ls0=
github.com/creack/goselect v0.1.1/go.mod h1:a/NhLweNvqIYMuxcMOuWY516Cimucms3DglDzQP3hKY=
github.com/sigurn/crc16 v0.0.0-20160107003519-da416fad5162 h1:2zlAtlrum6lg2lMiUWznq04fDudBDajMFl94Zyis67Y=
github.com/sigurn/crc16 v0.0.0-20160107003519-da416fad5162/go.mod h1:9/etS5gpQq9BJsJMWg1wpLbfuSnkm8dPF6FdW2JXVhA=
github.com/sigurn/utils v0.0.0-20190728110027-e1fefb11a144 h1:ccb8W1+mYuZvlpn/mJUMAbsFHTMCpcJBS78AsBQxNcY=
github.com/sigurn/utils v0.0.0-20190728110027-e1fefb11a144/go.mod h1:VRI4lXkrUH5Cygl6mbG1BRUfMMoT2o8BkrtBDUAm+GU=
go.bug.st/serial.v1 v0.0.0-20191202182710-24a6610f0541 h1:eQfoPfT+gNSh63t/oKanQlZyKgblRa/LMZRPIT+MHzA=
go.bug.st/serial.v1 v0.0.0-20191202182710-24a6610f0541/go.mod h1:dRSl/CVCTf56CkXgJMDOdSwNfo2g1orOGE/gBGdvjZw=
golang.org/x/sys v0.0.0-20210124154548-22da62e12c0c h1:VwygUrnw9jn88c4u8GD3rZQbqrP/tgas88tPUbBxQrk=
golang.org/x/sys v0.0.0-20210124154548-22da62e12c0c/go.mod h1:h1NjWce9XRLGQEsW7wpKNCjG9DtNlClVuFLEZdDNbEs=
